<?xml version="1.0" encoding="utf-8"?>
<Project ToolsVersion="4.0" xmlns="http://schemas.microsoft.com/developer/msbuild/2003">
  <ItemGroup>
    <Filter Include="surface">
      <UniqueIdentifier>{9f2d748d-19cc-44f5-a52d-1d638d5f844c}</UniqueIdentifier>
    </Filter>
    <Filter Include="loader">
      <UniqueIdentifier>{203546df-6b18-4ccf-84c7-1c16649b0cd3}</UniqueIdentifier>
    </Filter>
    <Filter Include="utility">
      <UniqueIdentifier>{d8d7fe43-e8c8-41dc-ac73-1a6ddff627df}</UniqueIdentifier>
    </Filter>
  </ItemGroup>
  <ItemGroup>
    <ClCompile Include="..\..\..\source\ParametricEquations.cpp">
      <Filter>surface</Filter>
    </ClCompile>
    <ClCompile Include="..\..\..\source\ParametricSurface.cpp">
      <Filter>surface</Filter>
    </ClCompile>
    <ClCompile Include="..\..\..\source\SurfaceFactory.cpp">
      <Filter>surface</Filter>
    </ClCompile>
    <ClCompile Include="..\..\..\source\M3DLoader.cpp">
      <Filter>loader</Filter>
    </ClCompile>
    <ClCompile Include="..\..\..\source\SurfaceLoader.cpp">
      <Filter>loader</Filter>
    </ClCompile>
    <ClCompile Include="..\..\..\source\AssimpHelper.cpp">
      <Filter>loader</Filter>
    </ClCompile>
    <ClCompile Include="..\..\..\source\SkinnedData.cpp" />
    <ClCompile Include="..\..\..\source\MeshGeometry.cpp" />
    <ClCompile Include="..\..\..\source\ObjLoader.cpp">
      <Filter>loader</Filter>
    </ClCompile>
    <ClCompile Include="..\..\..\source\Callback.cpp">
      <Filter>utility</Filter>
    </ClCompile>
    <ClCompile Include="..\..\..\source\Scene.cpp" />
  </ItemGroup>
  <ItemGroup>
    <ClInclude Include="..\..\..\include\model\ParametricEquations.h">
      <Filter>surface</Filter>
    </ClInclude>
    <ClInclude Include="..\..\..\include\model\ParametricSurface.h">
      <Filter>surface</Filter>
    </ClInclude>
    <ClInclude Include="..\..\..\include\model\Surface.h">
      <Filter>surface</Filter>
    </ClInclude>
    <ClInclude Include="..\..\..\include\model\SurfaceFactory.h">
      <Filter>surface</Filter>
    </ClInclude>
    <ClInclude Include="..\..\..\include\model\M3DLoader.h">
      <Filter>loader</Filter>
    </ClInclude>
    <ClInclude Include="..\..\..\include\model\SurfaceLoader.h">
      <Filter>loader</Filter>
    </ClInclude>
    <ClInclude Include="..\..\..\include\model\typedef.h" />
    <ClInclude Include="..\..\..\include\model\AssimpHelper.h">
      <Filter>loader</Filter>
    </ClInclude>
    <ClInclude Include="..\..\..\include\model\SkinnedData.h" />
    <ClInclude Include="..\..\..\include\model\SkinnedModel.h" />
    <ClInclude Include="..\..\..\include\model\MeshGeometry.h" />
    <ClInclude Include="..\..\..\include\model\ObjLoader.h">
      <Filter>loader</Filter>
    </ClInclude>
    <ClInclude Include="..\..\..\include\model\Callback.h">
      <Filter>utility</Filter>
    </ClInclude>
    <ClInclude Include="..\..\..\include\model\Scene.h" />
    <ClInclude Include="..\..\..\include\model\EffectType.h" />
  </ItemGroup>
</Project>